<?xml version="1.0" encoding="utf-8"?>
<Project ToolsVersion="4.0" xmlns="http://schemas.microsoft.com/developer/msbuild/2003">
  <ItemGroup>
    <Filter Include="Source Files">
      <UniqueIdentifier>{4FC737F1-C7A5-4376-A066-2A32D752A2FF}</UniqueIdentifier>
      <Extensions>cpp;c;cc;cxx;def;odl;idl;hpj;bat;asm;asmx</Extensions>
    </Filter>
    <Filter Include="Header Files">
      <UniqueIdentifier>{93995380-89BD-4b04-88EB-625FBE52EBFB}</UniqueIdentifier>
      <Extensions>h;hh;hpp;hxx;hm;inl;inc;xsd</Extensions>
    </Filter>
    <Filter Include="Resource Files">
      <UniqueIdentifier>{67DA6AB6-F800-4c08-8B7A-83BB121AAD01}</UniqueIdentifier>
      <Extensions>rc;ico;cur;bmp;dlg;rc2;rct;bin;rgs;gif;jpg;jpeg;jpe;resx;tiff;tif;png;wav;mfcribbon-ms</Extensions>
    </Filter>
    <Filter Include="Source Files\Base">
      <UniqueIdentifier>{d9e86c39-93ee-455f-8364-60a7740e67c7}</UniqueIdentifier>
    </Filter>
    <Filter Include="Source Files\Singleton">
      <UniqueIdentifier>{7194ff13-20ee-4523-9e5a-237b56451f6b}</UniqueIdentifier>
    </Filter>
    <Filter Include="Source Files\Scene">
      <UniqueIdentifier>{67930afd-e1bb-4ee6-a479-e9864a88f5f9}</UniqueIdentifier>
    </Filter>
    <Filter Include="Source Files\Map">
      <UniqueIdentifier>{efab2fde-529e-4447-b3c0-6432253cb5f5}</UniqueIdentifier>
    </Filter>
    <Filter Include="Source Files\Math">
      <UniqueIdentifier>{4a7778ca-546c-449e-9a0e-64078e0fbea5}</UniqueIdentifier>
    </Filter>
    <Filter Include="Source Files\Player">
      <UniqueIdentifier>{2b70436f-262b-4ce3-a9fc-20dfeb5a5528}</UniqueIdentifier>
    </Filter>
    <Filter Include="Source Files\Bomb">
      <UniqueIdentifier>{9d4df095-cac6-49d1-ae5b-226d17353e1a}</UniqueIdentifier>
    </Filter>
    <Filter Include="Source Files\Object">
      <UniqueIdentifier>{0a9a32f5-5ca1-4546-9532-a095cf649530}</UniqueIdentifier>
    </Filter>
    <Filter Include="Source Files\Manager">
      <UniqueIdentifier>{b9314690-cfc9-470a-8a99-dbfe02c8df0b}</UniqueIdentifier>
    </Filter>
  </ItemGroup>
  <ItemGroup>
    <Text Include="ReadMe.txt" />
  </ItemGroup>
  <ItemGroup>
    <ClInclude Include="Resource.h">
      <Filter>Source Files\Base</Filter>
    </ClInclude>
    <ClInclude Include="targetver.h">
      <Filter>Source Files\Base</Filter>
    </ClInclude>
    <ClInclude Include="stdafx.h">
      <Filter>Source Files\Base</Filter>
    </ClInclude>
    <ClInclude Include="Main.h">
      <Filter>Source Files\Base</Filter>
    </ClInclude>
    <ClInclude Include="Singleton.h">
      <Filter>Source Files\Singleton</Filter>
    </ClInclude>
    <ClInclude Include="GameScene.h">
      <Filter>Source Files\Scene</Filter>
    </ClInclude>
    <ClInclude Include="TitleScene.h">
      <Filter>Source Files\Scene</Filter>
    </ClInclude>
    <ClInclude Include="Scene.h">
      <Filter>Source Files\Scene</Filter>
    </ClInclude>
    <ClInclude Include="SceneManager.h">
      <Filter>Source Files\Manager</Filter>
    </ClInclude>
    <ClInclude Include="MyMath.h">
      <Filter>Source Files\Math</Filter>
    </ClInclude>
    <ClInclude Include="Player.h">
      <Filter>Source Files\Player</Filter>
    </ClInclude>
    <ClInclude Include="Map.h">
      <Filter>Source Files\Map</Filter>
    </ClInclude>
    <ClInclude Include="Block.h">
      <Filter>Source Files\Map</Filter>
    </ClInclude>
    <ClInclude Include="Bomb.h">
      <Filter>Source Files\Bomb</Filter>
    </ClInclude>
    <ClInclude Include="Objects.h">
      <Filter>Source Files\Object</Filter>
    </ClInclude>
    <ClInclude Include="CollisionManager.h">
      <Filter>Source Files\Manager</Filter>
    </ClInclude>
    <ClInclude Include="Item.h">
      <Filter>Source Files\Object</Filter>
    </ClInclude>
  </ItemGroup>
  <ItemGroup>
    <ClCompile Include="stdafx.cpp">
      <Filter>Source Files\Base</Filter>
    </ClCompile>
    <ClCompile Include="Main.cpp">
      <Filter>Source Files\Base</Filter>
    </ClCompile>
    <ClCompile Include="Singleton.cpp">
      <Filter>Source Files\Singleton</Filter>
    </ClCompile>
    <ClCompile Include="GameScene.cpp">
      <Filter>Source Files\Scene</Filter>
    </ClCompile>
    <ClCompile Include="TitleScene.cpp">
      <Filter>Source Files\Scene</Filter>
    </ClCompile>
    <ClCompile Include="Scene.cpp">
      <Filter>Source Files\Scene</Filter>
    </ClCompile>
    <ClCompile Include="SceneManager.cpp">
      <Filter>Source Files\Manager</Filter>
    </ClCompile>
    <ClCompile Include="MyMath.cpp">
      <Filter>Source Files\Math</Filter>
    </ClCompile>
    <ClCompile Include="Player.cpp">
      <Filter>Source Files\Player</Filter>
    </ClCompile>
    <ClCompile Include="Map.cpp">
      <Filter>Source Files\Map</Filter>
    </ClCompile>
    <ClCompile Include="Block.cpp">
      <Filter>Source Files\Map</Filter>
    </ClCompile>
    <ClCompile Include="Bomb.cpp">
      <Filter>Source Files\Bomb</Filter>
    </ClCompile>
    <ClCompile Include="Objects.cpp">
      <Filter>Source Files\Object</Filter>
    </ClCompile>
    <ClCompile Include="CollisionManager.cpp">
      <Filter>Source Files\Manager</Filter>
    </ClCompile>
    <ClCompile Include="Item.cpp">
      <Filter>Source Files\Object</Filter>
    </ClCompile>
  </ItemGroup>
  <ItemGroup>
    <ResourceCompile Include="CrazyArcade.rc">
      <Filter>Resource Files</Filter>
    </ResourceCompile>
  </ItemGroup>
  <ItemGroup>
    <Image Include="small.ico">
      <Filter>Resource Files</Filter>
    </Image>
    <Image Include="CrazyArcade.ico">
      <Filter>Resource Files</Filter>
    </Image>
  </ItemGroup>
</Project>